# THIS IS AN AUTOGENERATED FILE. DO NOT EDIT THIS FILE DIRECTLY.
# yarn lockfile v1


bootstrap@^3.4.1:
  version "3.4.1"
  resolved "https://registry.yarnpkg.com/bootstrap/-/bootstrap-3.4.1.tgz#c3a347d419e289ad11f4033e3c4132b87c081d72"
  integrity sha512-yN5oZVmRCwe5aKwzRj6736nSmKDX7pLYwsXiCj/EYmo16hODaBiT4En5btW/jhBF/seV+XMx3aYwukYC3A49DA==

datatables-responsive@^1.0.7:
  version "1.0.7"
  resolved "https://registry.yarnpkg.com/datatables-responsive/-/datatables-responsive-1.0.7.tgz#d90e45781dc2179f9d200dfb7f08eff492096fce"
  integrity sha512-xp9jKu7QRkaJl/E50T2v5/U40vjyXLMa0PUjkb4wH9VjHUApG57i7HwCSdx7FMA9rTjIiDTPK3r3/mh1+fGdOw==
  dependencies:
    datatables ">=1.10.1"
    jquery ">=1.7.0"

datatables@>=1.10.1, datatables@^1.10.18:
  version "1.10.18"
  resolved "https://registry.yarnpkg.com/datatables/-/datatables-1.10.18.tgz#fee16e82aa70b17c5faf1a6954ac68f404f33a70"
  integrity sha512-ntatMgS9NN6UMpwbmO+QkYJuKlVeMA2Mi0Gu/QxyIh+dW7ZjLSDhPT2tWlzjpIWEkDYgieDzS9Nu7bdQCW0sbQ==
  dependencies:
    jquery ">=1.7"

font-awesome@^4.7.0:
  version "4.7.0"
  resolved "https://registry.yarnpkg.com/font-awesome/-/font-awesome-4.7.0.tgz#8fa8cf0411a1a31afd07b06d2902bb9fc815a133"
  integrity sha512-U6kGnykA/6bFmg1M/oT9EkFeIYv7JlX3bozwQJWiiLz6L0w3F5vBVPxHlwyX/vtNq1ckcpRKOB9f2Qal/VtFpg==

html5shiv@^3.7.3:
  version "3.7.3"
  resolved "https://registry.yarnpkg.com/html5shiv/-/html5shiv-3.7.3.tgz#d78a84a367bcb9a710100d57802c387b084631d2"
  integrity sha512-SZwGvLGNtgp8GbgFX7oXEp8OR1aBt5LliX6dG0kdD1kl3KhMonN0QcSa/A3TsTgFewaGCbIryQunjayWDXzxmw==

jquery-jsonview@^1.2.3:
  version "1.2.3"
  resolved "https://registry.yarnpkg.com/jquery-jsonview/-/jquery-jsonview-1.2.3.tgz#6a24ce73357368e00ee32fb605950a4083ad6b7a"
  integrity sha512-f7nbWtNbhb/xIa9lTTw4rGkrlLVxqkfoi6bO+Dy5IK+9UGwM/vbEJZdfQgRnwj38nUXMbdMQUSWqaIhBCe71dQ==

jquery-migrate@^3.3.2:
  version "3.4.1"
  resolved "https://registry.yarnpkg.com/jquery-migrate/-/jquery-migrate-3.4.1.tgz#6a7114626b80e0d9e1cb77f170623efd85c5fc9c"
  integrity sha512-6RaV23lLAYccu8MtLfy2sIxOvx+bulnWHm/pvffAi7KOzPk1sN9IYglpkl1ZNCj1FSgSNDPS2fSZ1hWsXc200Q==

jquery@>=1.7, jquery@>=1.7.0, jquery@^3.6.0:
  version "3.7.0"
  resolved "https://registry.yarnpkg.com/jquery/-/jquery-3.7.0.tgz#fe2c01a05da500709006d8790fe21c8a39d75612"
  integrity sha512-umpJ0/k8X0MvD1ds0P9SfowREz2LenHsQaxSohMZ5OMNEU2r0tf8pdeEFTHMFxWVxKNyU9rTtK3CWzUCTKJUeQ==

respond.js@^1.4.2:
  version "1.4.2"
  resolved "https://registry.yarnpkg.com/respond.js/-/respond.js-1.4.2.tgz#fd5c07450acce6090916d8d090b86b672dd9748b"
  integrity sha512-CnKoEKjfyyrldG/D05DW0qtAyLQ4sm4si4Bq4GDsMPd1KMUAuQI224aybMkG/D5IVOB6PYdtYvjbeiAJo1V0rA==

sprintf-js@^1.1.2:
  version "1.1.2"
  resolved "https://registry.yarnpkg.com/sprintf-js/-/sprintf-js-1.1.2.tgz#da1765262bf8c0f571749f2ad6c26300207ae673"
  integrity sha512-VE0SOVEHCk7Qc8ulkWw3ntAzXuqf7S2lvwQaDLRnUeIEaKNQJzV6BwmLKhOqT61aGhfUMrXeaBk+oDGCzvhcug==

strftime@^0.10.0:
  version "0.10.2"
  resolved "https://registry.yarnpkg.com/strftime/-/strftime-0.10.2.tgz#9cc5a63a6170455730ddf617e8b506ab06dde985"
  integrity sha512-Y6IZaTVM80chcMe7j65Gl/0nmlNdtt+KWPle5YeCAjmsBfw+id2qdaJ5MDrxUq+OmHKab+jHe7mUjU/aNMSZZg==

swagger-ui-dist@^5.0.0:
  version "5.0.0"
  resolved "https://registry.yarnpkg.com/swagger-ui-dist/-/swagger-ui-dist-5.0.0.tgz#26050eb6ae4341365ee01db18e75a5b5b347cce4"
  integrity sha512-bwl6og9I9CAHKGSnYLKydjhBuH7d3oU6RX6uKN8oDCkLusTHXOW3sZMyBWjRtjGFnCMmN085oZoaR/4Wm9nIaQ==
